# This file is automatically @generated by Poetry 1.8.2 and should not be changed by hand.

[[package]]
name = "python-multipart"
version = "0.0.27"
description = "A streaming multipart parser for Python"
optional = false
python-versions = ">=3.10"
files = [
    {file = "python_multipart-0.0.27-py3-none-any.whl", hash = "sha256:6fccfad17a27334bd0193681b369f476eda3409f17381a2d65aa7df3f7275645"},
    {file = "python_multipart-0.0.27.tar.gz", hash = "sha256:9870a6a8c5a20a5bf4f07c017bd1489006ff8836cff097b6933355ee2b49b602"},
]

[metadata]
lock-version = "2.0"
python-versions = ">=3.12,<4.0"
content-hash = "597d402c91841b5f6f7d29857a8d5e2be960d360a1380ed3fe2a3f7031afedee"
